
Microsoft Visual Studio Solution File, Format Version 12.00
# Visual Studio Version 16
VisualStudioVersion = 16.0.33927.289
MinimumVisualStudioVersion = 10.0.40219.1
Project("{FAE04EC0-301F-11D3-BF4B-00C04F79EFBC}") = "Tyuiu.KosovskihVA.Sprint0.Task0", "Tyuiu.KosovskihVA.Sprint0.Task0\Tyuiu.KosovskihVA.Sprint0.Task0.csproj", "{3403B35C-C6D5-4AB3-8B14-16B049C7719B}"
EndProject
Project("{2150E333-8FDC-42A3-9474-1A3956D46DE8}") = "Task0", "Task0", "{FEE610F2-20F5-401F-94F2-EEBCB7FA9066}"
EndProject
Project("{2150E333-8FDC-42A3-9474-1A3956D46DE8}") = "Task1", "Task1", "{05B3BFE6-2C74-41F0-82FA-A577C4612DCB}"
EndProject
Project("{FAE04EC0-301F-11D3-BF4B-00C04F79EFBC}") = "Tyuiu.KosovskihVA.Sprint0.Task1.V0", "Tyuiu.KosovskihVA.Sprint0.Task1.V0\Tyuiu.KosovskihVA.Sprint0.Task1.V0.csproj", "{05B61594-B871-4060-870B-8C61B8902844}"
EndProject
Project("{2150E333-8FDC-42A3-9474-1A3956D46DE8}") = "Task2", "Task2", "{71CED946-488C-40E8-BA3A-EACEA04DA950}"
EndProject
Project("{FAE04EC0-301F-11D3-BF4B-00C04F79EFBC}") = "Tyuiu.KosovskihVA.Sprint0.Task2.V0", "Tyuiu.KosovskihVA.Sprint0.Task2.V0\Tyuiu.KosovskihVA.Sprint0.Task2.V0.csproj", "{49970C37-3AE5-41CB-B79B-75BEE1B8CA72}"
EndProject
Project("{FAE04EC0-301F-11D3-BF4B-00C04F79EFBC}") = "Tyuiu.KosovskihVA.Sprint0.Task2.V0.Lib", "Tyuiu.KosovskihVA.Sprint0.Task2.V0.Lib\Tyuiu.KosovskihVA.Sprint0.Task2.V0.Lib.csproj", "{B70BDB5B-58ED-42E4-9C46-EFF128EE4917}"
EndProject
Project("{FAE04EC0-301F-11D3-BF4B-00C04F79EFBC}") = "Tyuiu.KosovskihVA.Sprint0.Task2.V0.Test", "Tyuiu.KosovskihVA.Sprint0.Task2.V0.Test\Tyuiu.KosovskihVA.Sprint0.Task2.V0.Test.csproj", "{79825902-8D03-4E67-9DBF-AE543D9F7B69}"
EndProject
Project("{2150E333-8FDC-42A3-9474-1A3956D46DE8}") = "Task3", "Task3", "{42976447-78A3-454C-BADC-5CF1741E3374}"
EndProject
Project("{FAE04EC0-301F-11D3-BF4B-00C04F79EFBC}") = "Tyuiu.KosovskihVA.Sprint0.Task3.V0", "Tyuiu.KosovskihVA.Sprint0.Task3.V0\Tyuiu.KosovskihVA.Sprint0.Task3.V0.csproj", "{EF3F7A1E-2118-4696-B884-3C5DB4CC9AFA}"
EndProject
Project("{FAE04EC0-301F-11D3-BF4B-00C04F79EFBC}") = "Tyuiu.KosovskihVA.Sprint0.Task3.V0.Lib", "Tyuiu.KosovskihVA.Sprint0.Task3.V0.Lib\Tyuiu.KosovskihVA.Sprint0.Task3.V0.Lib.csproj", "{4E888083-C678-4605-A323-AB583BDB1FC8}"
EndProject
Project("{FAE04EC0-301F-11D3-BF4B-00C04F79EFBC}") = "Tyuiu.KosovskihVA.Sprint0.Task3.V0.Test", "Tyuiu.KosovskihVA.Sprint0.Task3.V0.Test\Tyuiu.KosovskihVA.Sprint0.Task3.V0.Test.csproj", "{75610EFC-81D5-46C8-942B-CB2DAE0BC507}"
EndProject
Project("{2150E333-8FDC-42A3-9474-1A3956D46DE8}") = "Task4", "Task4", "{24242379-8CD3-465C-8CF9-F5444F329A31}"
EndProject
Project("{FAE04EC0-301F-11D3-BF4B-00C04F79EFBC}") = "Tyuiu.KosovskihVA.Sprint0.Task4.V0", "Tyuiu.KosovskihVA.Sprint0.Task4.V0\Tyuiu.KosovskihVA.Sprint0.Task4.V0.csproj", "{C549A6AA-C5ED-4C36-9D2F-E3E35C1A20D3}"
EndProject
Project("{FAE04EC0-301F-11D3-BF4B-00C04F79EFBC}") = "Tyuiu.KosovskihVA.Sprint0.Task4.V0.Lib", "Tyuiu.KosovskihVA.Sprint0.Task4.V0.Lib\Tyuiu.KosovskihVA.Sprint0.Task4.V0.Lib.csproj", "{6480F84C-5A8F-4AD4-BEB9-4F7DBE0800B3}"
EndProject
Project("{FAE04EC0-301F-11D3-BF4B-00C04F79EFBC}") = "Tyuiu.KosovskihVA.Sprint0.Task4.V0.Test", "Tyuiu.KosovskihVA.Sprint0.Task4.V0.Test\Tyuiu.KosovskihVA.Sprint0.Task4.V0.Test.csproj", "{5BB607F3-EBC7-4756-8064-AAF69791851D}"
EndProject
Global
	GlobalSection(SolutionConfigurationPlatforms) = preSolution
		Debug|Any CPU = Debug|Any CPU
		Release|Any CPU = Release|Any CPU
	EndGlobalSection
	GlobalSection(ProjectConfigurationPlatforms) = postSolution
		{3403B35C-C6D5-4AB3-8B14-16B049C7719B}.Debug|Any CPU.ActiveCfg = Debug|Any CPU
		{3403B35C-C6D5-4AB3-8B14-16B049C7719B}.Debug|Any CPU.Build.0 = Debug|Any CPU
		{3403B35C-C6D5-4AB3-8B14-16B049C7719B}.Release|Any CPU.ActiveCfg = Release|Any CPU
		{3403B35C-C6D5-4AB3-8B14-16B049C7719B}.Release|Any CPU.Build.0 = Release|Any CPU
		{05B61594-B871-4060-870B-8C61B8902844}.Debug|Any CPU.ActiveCfg = Debug|Any CPU
		{05B61594-B871-4060-870B-8C61B8902844}.Debug|Any CPU.Build.0 = Debug|Any CPU
		{05B61594-B871-4060-870B-8C61B8902844}.Release|Any CPU.ActiveCfg = Release|Any CPU
		{05B61594-B871-4060-870B-8C61B8902844}.Release|Any CPU.Build.0 = Release|Any CPU
		{49970C37-3AE5-41CB-B79B-75BEE1B8CA72}.Debug|Any CPU.ActiveCfg = Debug|Any CPU
		{49970C37-3AE5-41CB-B79B-75BEE1B8CA72}.Debug|Any CPU.Build.0 = Debug|Any CPU
		{49970C37-3AE5-41CB-B79B-75BEE1B8CA72}.Release|Any CPU.ActiveCfg = Release|Any CPU
		{49970C37-3AE5-41CB-B79B-75BEE1B8CA72}.Release|Any CPU.Build.0 = Release|Any CPU
		{B70BDB5B-58ED-42E4-9C46-EFF128EE4917}.Debug|Any CPU.ActiveCfg = Debug|Any CPU
		{B70BDB5B-58ED-42E4-9C46-EFF128EE4917}.Debug|Any CPU.Build.0 = Debug|Any CPU
		{B70BDB5B-58ED-42E4-9C46-EFF128EE4917}.Release|Any CPU.ActiveCfg = Release|Any CPU
		{B70BDB5B-58ED-42E4-9C46-EFF128EE4917}.Release|Any CPU.Build.0 = Release|Any CPU
		{79825902-8D03-4E67-9DBF-AE543D9F7B69}.Debug|Any CPU.ActiveCfg = Debug|Any CPU
		{79825902-8D03-4E67-9DBF-AE543D9F7B69}.Debug|Any CPU.Build.0 = Debug|Any CPU
		{79825902-8D03-4E67-9DBF-AE543D9F7B69}.Release|Any CPU.ActiveCfg = Release|Any CPU
		{79825902-8D03-4E67-9DBF-AE543D9F7B69}.Release|Any CPU.Build.0 = Release|Any CPU
		{EF3F7A1E-2118-4696-B884-3C5DB4CC9AFA}.Debug|Any CPU.ActiveCfg = Debug|Any CPU
		{EF3F7A1E-2118-4696-B884-3C5DB4CC9AFA}.Debug|Any CPU.Build.0 = Debug|Any CPU
		{EF3F7A1E-2118-4696-B884-3C5DB4CC9AFA}.Release|Any CPU.ActiveCfg = Release|Any CPU
		{EF3F7A1E-2118-4696-B884-3C5DB4CC9AFA}.Release|Any CPU.Build.0 = Release|Any CPU
		{4E888083-C678-4605-A323-AB583BDB1FC8}.Debug|Any CPU.ActiveCfg = Debug|Any CPU
		{4E888083-C678-4605-A323-AB583BDB1FC8}.Debug|Any CPU.Build.0 = Debug|Any CPU
		{4E888083-C678-4605-A323-AB583BDB1FC8}.Release|Any CPU.ActiveCfg = Release|Any CPU
		{4E888083-C678-4605-A323-AB583BDB1FC8}.Release|Any CPU.Build.0 = Release|Any CPU
		{75610EFC-81D5-46C8-942B-CB2DAE0BC507}.Debug|Any CPU.ActiveCfg = Debug|Any CPU
		{75610EFC-81D5-46C8-942B-CB2DAE0BC507}.Debug|Any CPU.Build.0 = Debug|Any CPU
		{75610EFC-81D5-46C8-942B-CB2DAE0BC507}.Release|Any CPU.ActiveCfg = Release|Any CPU
		{75610EFC-81D5-46C8-942B-CB2DAE0BC507}.Release|Any CPU.Build.0 = Release|Any CPU
		{C549A6AA-C5ED-4C36-9D2F-E3E35C1A20D3}.Debug|Any CPU.ActiveCfg = Debug|Any CPU
		{C549A6AA-C5ED-4C36-9D2F-E3E35C1A20D3}.Debug|Any CPU.Build.0 = Debug|Any CPU
		{C549A6AA-C5ED-4C36-9D2F-E3E35C1A20D3}.Release|Any CPU.ActiveCfg = Release|Any CPU
		{C549A6AA-C5ED-4C36-9D2F-E3E35C1A20D3}.Release|Any CPU.Build.0 = Release|Any CPU
		{6480F84C-5A8F-4AD4-BEB9-4F7DBE0800B3}.Debug|Any CPU.ActiveCfg = Debug|Any CPU
		{6480F84C-5A8F-4AD4-BEB9-4F7DBE0800B3}.Debug|Any CPU.Build.0 = Debug|Any CPU
		{6480F84C-5A8F-4AD4-BEB9-4F7DBE0800B3}.Release|Any CPU.ActiveCfg = Release|Any CPU
		{6480F84C-5A8F-4AD4-BEB9-4F7DBE0800B3}.Release|Any CPU.Build.0 = Release|Any CPU
		{5BB607F3-EBC7-4756-8064-AAF69791851D}.Debug|Any CPU.ActiveCfg = Debug|Any CPU
		{5BB607F3-EBC7-4756-8064-AAF69791851D}.Debug|Any CPU.Build.0 = Debug|Any CPU
		{5BB607F3-EBC7-4756-8064-AAF69791851D}.Release|Any CPU.ActiveCfg = Release|Any CPU
		{5BB607F3-EBC7-4756-8064-AAF69791851D}.Release|Any CPU.Build.0 = Release|Any CPU
	EndGlobalSection
	GlobalSection(SolutionProperties) = preSolution
		HideSolutionNode = FALSE
	EndGlobalSection
	GlobalSection(NestedProjects) = preSolution
		{3403B35C-C6D5-4AB3-8B14-16B049C7719B} = {FEE610F2-20F5-401F-94F2-EEBCB7FA9066}
		{05B61594-B871-4060-870B-8C61B8902844} = {05B3BFE6-2C74-41F0-82FA-A577C4612DCB}
		{49970C37-3AE5-41CB-B79B-75BEE1B8CA72} = {71CED946-488C-40E8-BA3A-EACEA04DA950}
		{B70BDB5B-58ED-42E4-9C46-EFF128EE4917} = {71CED946-488C-40E8-BA3A-EACEA04DA950}
		{79825902-8D03-4E67-9DBF-AE543D9F7B69} = {71CED946-488C-40E8-BA3A-EACEA04DA950}
		{EF3F7A1E-2118-4696-B884-3C5DB4CC9AFA} = {42976447-78A3-454C-BADC-5CF1741E3374}
		{4E888083-C678-4605-A323-AB583BDB1FC8} = {42976447-78A3-454C-BADC-5CF1741E3374}
		{75610EFC-81D5-46C8-942B-CB2DAE0BC507} = {42976447-78A3-454C-BADC-5CF1741E3374}
		{C549A6AA-C5ED-4C36-9D2F-E3E35C1A20D3} = {24242379-8CD3-465C-8CF9-F5444F329A31}
		{6480F84C-5A8F-4AD4-BEB9-4F7DBE0800B3} = {24242379-8CD3-465C-8CF9-F5444F329A31}
		{5BB607F3-EBC7-4756-8064-AAF69791851D} = {24242379-8CD3-465C-8CF9-F5444F329A31}
	EndGlobalSection
	GlobalSection(ExtensibilityGlobals) = postSolution
		SolutionGuid = {21A96F13-7838-4ECA-A12D-8A0E0FAD0B78}
	EndGlobalSection
EndGlobal
